
Microsoft Visual Studio Solution File, Format Version 12.00
# Visual Studio Version 16
VisualStudioVersion = 16.0.30413.136
MinimumVisualStudioVersion = 10.0.40219.1
Project("{FAE04EC0-301F-11D3-BF4B-00C04F79EFBC}") = "CI-CDaws", "CI-CDaws\CI-CDaws.csproj", "{CFD2F93A-D384-4580-A2FF-329FF6420418}"
EndProject
Project("{2150E333-8FDC-42A3-9474-1A3956D46DE8}") = "Solutions Items", "Solutions Items", "{F6B508F8-8C2E-488C-A40B-6896C1CB0A83}"
	ProjectSection(SolutionItems) = preProject
		..\..\..\Downloads\buildspec.yml = ..\..\..\Downloads\buildspec.yml
		..\..\..\Downloads\Procfile = ..\..\..\Downloads\Procfile
	EndProjectSection
EndProject
Project("{FAE04EC0-301F-11D3-BF4B-00C04F79EFBC}") = "Tests", "Tests\Tests.csproj", "{67FE8D62-CB40-440C-88F3-83880CA6256F}"
EndProject
Global
	GlobalSection(SolutionConfigurationPlatforms) = preSolution
		Debug|Any CPU = Debug|Any CPU
		Release|Any CPU = Release|Any CPU
	EndGlobalSection
	GlobalSection(ProjectConfigurationPlatforms) = postSolution
		{CFD2F93A-D384-4580-A2FF-329FF6420418}.Debug|Any CPU.ActiveCfg = Debug|Any CPU
		{CFD2F93A-D384-4580-A2FF-329FF6420418}.Debug|Any CPU.Build.0 = Debug|Any CPU
		{CFD2F93A-D384-4580-A2FF-329FF6420418}.Release|Any CPU.ActiveCfg = Release|Any CPU
		{CFD2F93A-D384-4580-A2FF-329FF6420418}.Release|Any CPU.Build.0 = Release|Any CPU
		{67FE8D62-CB40-440C-88F3-83880CA6256F}.Debug|Any CPU.ActiveCfg = Debug|Any CPU
		{67FE8D62-CB40-440C-88F3-83880CA6256F}.Debug|Any CPU.Build.0 = Debug|Any CPU
		{67FE8D62-CB40-440C-88F3-83880CA6256F}.Release|Any CPU.ActiveCfg = Release|Any CPU
		{67FE8D62-CB40-440C-88F3-83880CA6256F}.Release|Any CPU.Build.0 = Release|Any CPU
	EndGlobalSection
	GlobalSection(SolutionProperties) = preSolution
		HideSolutionNode = FALSE
	EndGlobalSection
	GlobalSection(ExtensibilityGlobals) = postSolution
		SolutionGuid = {BE2EC474-BF9D-48EF-88EC-91BE1584EBCA}
	EndGlobalSection
EndGlobal
